
Microsoft Visual Studio Solution File, Format Version 12.00
# Visual Studio Version 16
VisualStudioVersion = 16.0.29509.3
MinimumVisualStudioVersion = 10.0.40219.1
Project("{8BC9CEB8-8B4A-11D0-8D11-00A0C91BC942}") = "Project80", "Project80\Project80.vcxproj", "{41E5B699-7D11-4717-B60B-F8193FFF22A0}"
EndProject
Global
	GlobalSection(SolutionConfigurationPlatforms) = preSolution
		Debug|x64 = Debug|x64
		Debug|x86 = Debug|x86
		Release|x64 = Release|x64
		Release|x86 = Release|x86
	EndGlobalSection
	GlobalSection(ProjectConfigurationPlatforms) = postSolution
		{41E5B699-7D11-4717-B60B-F8193FFF22A0}.Debug|x64.ActiveCfg = Debug|x64
		{41E5B699-7D11-4717-B60B-F8193FFF22A0}.Debug|x64.Build.0 = Debug|x64
		{41E5B699-7D11-4717-B60B-F8193FFF22A0}.Debug|x86.ActiveCfg = Debug|Win32
		{41E5B699-7D11-4717-B60B-F8193FFF22A0}.Debug|x86.Build.0 = Debug|Win32
		{41E5B699-7D11-4717-B60B-F8193FFF22A0}.Release|x64.ActiveCfg = Release|x64
		{41E5B699-7D11-4717-B60B-F8193FFF22A0}.Release|x64.Build.0 = Release|x64
		{41E5B699-7D11-4717-B60B-F8193FFF22A0}.Release|x86.ActiveCfg = Release|Win32
		{41E5B699-7D11-4717-B60B-F8193FFF22A0}.Release|x86.Build.0 = Release|Win32
	EndGlobalSection
	GlobalSection(SolutionProperties) = preSolution
		HideSolutionNode = FALSE
	EndGlobalSection
	GlobalSection(ExtensibilityGlobals) = postSolution
		SolutionGuid = {E08F3561-F451-4149-AA9F-E07AB106927A}
	EndGlobalSection
EndGlobal
