
Microsoft Visual Studio Solution File, Format Version 12.00
# Visual Studio Version 16
VisualStudioVersion = 16.0.29613.14
MinimumVisualStudioVersion = 10.0.40219.1
Project("{8BC9CEB8-8B4A-11D0-8D11-00A0C91BC942}") = "CH 5 Q NO 5", "CH 5 Q NO 5\CH 5 Q NO 5.vcxproj", "{48BB3B30-C2CC-4224-ADCD-381AA8799FD1}"
EndProject
Global
	GlobalSection(SolutionConfigurationPlatforms) = preSolution
		Debug|x64 = Debug|x64
		Debug|x86 = Debug|x86
		Release|x64 = Release|x64
		Release|x86 = Release|x86
	EndGlobalSection
	GlobalSection(ProjectConfigurationPlatforms) = postSolution
		{48BB3B30-C2CC-4224-ADCD-381AA8799FD1}.Debug|x64.ActiveCfg = Debug|x64
		{48BB3B30-C2CC-4224-ADCD-381AA8799FD1}.Debug|x64.Build.0 = Debug|x64
		{48BB3B30-C2CC-4224-ADCD-381AA8799FD1}.Debug|x86.ActiveCfg = Debug|Win32
		{48BB3B30-C2CC-4224-ADCD-381AA8799FD1}.Debug|x86.Build.0 = Debug|Win32
		{48BB3B30-C2CC-4224-ADCD-381AA8799FD1}.Release|x64.ActiveCfg = Release|x64
		{48BB3B30-C2CC-4224-ADCD-381AA8799FD1}.Release|x64.Build.0 = Release|x64
		{48BB3B30-C2CC-4224-ADCD-381AA8799FD1}.Release|x86.ActiveCfg = Release|Win32
		{48BB3B30-C2CC-4224-ADCD-381AA8799FD1}.Release|x86.Build.0 = Release|Win32
	EndGlobalSection
	GlobalSection(SolutionProperties) = preSolution
		HideSolutionNode = FALSE
	EndGlobalSection
	GlobalSection(ExtensibilityGlobals) = postSolution
		SolutionGuid = {765E2627-BF43-4A6D-AD8E-A990B11E559A}
	EndGlobalSection
EndGlobal
