
Microsoft Visual Studio Solution File, Format Version 12.00
# Visual Studio Version 16
VisualStudioVersion = 16.0.29509.3
MinimumVisualStudioVersion = 10.0.40219.1
Project("{8BC9CEB8-8B4A-11D0-8D11-00A0C91BC942}") = "Project87", "Project87\Project87.vcxproj", "{15F40D22-F769-4651-901B-493800CF6329}"
EndProject
Global
	GlobalSection(SolutionConfigurationPlatforms) = preSolution
		Debug|x64 = Debug|x64
		Debug|x86 = Debug|x86
		Release|x64 = Release|x64
		Release|x86 = Release|x86
	EndGlobalSection
	GlobalSection(ProjectConfigurationPlatforms) = postSolution
		{15F40D22-F769-4651-901B-493800CF6329}.Debug|x64.ActiveCfg = Debug|x64
		{15F40D22-F769-4651-901B-493800CF6329}.Debug|x64.Build.0 = Debug|x64
		{15F40D22-F769-4651-901B-493800CF6329}.Debug|x86.ActiveCfg = Debug|Win32
		{15F40D22-F769-4651-901B-493800CF6329}.Debug|x86.Build.0 = Debug|Win32
		{15F40D22-F769-4651-901B-493800CF6329}.Release|x64.ActiveCfg = Release|x64
		{15F40D22-F769-4651-901B-493800CF6329}.Release|x64.Build.0 = Release|x64
		{15F40D22-F769-4651-901B-493800CF6329}.Release|x86.ActiveCfg = Release|Win32
		{15F40D22-F769-4651-901B-493800CF6329}.Release|x86.Build.0 = Release|Win32
	EndGlobalSection
	GlobalSection(SolutionProperties) = preSolution
		HideSolutionNode = FALSE
	EndGlobalSection
	GlobalSection(ExtensibilityGlobals) = postSolution
		SolutionGuid = {18B0BDD5-D46A-4F41-BD3A-DF0ABEA964C3}
	EndGlobalSection
EndGlobal
