
Microsoft Visual Studio Solution File, Format Version 12.00
# Visual Studio Version 16
VisualStudioVersion = 16.0.29509.3
MinimumVisualStudioVersion = 10.0.40219.1
Project("{8BC9CEB8-8B4A-11D0-8D11-00A0C91BC942}") = "Project41", "Project41\Project41.vcxproj", "{984900E6-F463-4186-B31B-41DB30A58BBC}"
EndProject
Global
	GlobalSection(SolutionConfigurationPlatforms) = preSolution
		Debug|x64 = Debug|x64
		Debug|x86 = Debug|x86
		Release|x64 = Release|x64
		Release|x86 = Release|x86
	EndGlobalSection
	GlobalSection(ProjectConfigurationPlatforms) = postSolution
		{984900E6-F463-4186-B31B-41DB30A58BBC}.Debug|x64.ActiveCfg = Debug|x64
		{984900E6-F463-4186-B31B-41DB30A58BBC}.Debug|x64.Build.0 = Debug|x64
		{984900E6-F463-4186-B31B-41DB30A58BBC}.Debug|x86.ActiveCfg = Debug|Win32
		{984900E6-F463-4186-B31B-41DB30A58BBC}.Debug|x86.Build.0 = Debug|Win32
		{984900E6-F463-4186-B31B-41DB30A58BBC}.Release|x64.ActiveCfg = Release|x64
		{984900E6-F463-4186-B31B-41DB30A58BBC}.Release|x64.Build.0 = Release|x64
		{984900E6-F463-4186-B31B-41DB30A58BBC}.Release|x86.ActiveCfg = Release|Win32
		{984900E6-F463-4186-B31B-41DB30A58BBC}.Release|x86.Build.0 = Release|Win32
	EndGlobalSection
	GlobalSection(SolutionProperties) = preSolution
		HideSolutionNode = FALSE
	EndGlobalSection
	GlobalSection(ExtensibilityGlobals) = postSolution
		SolutionGuid = {41931BF6-7C7C-4564-A595-59B773FF3630}
	EndGlobalSection
EndGlobal
