
Microsoft Visual Studio Solution File, Format Version 12.00
# Visual Studio Version 16
VisualStudioVersion = 16.0.29509.3
MinimumVisualStudioVersion = 10.0.40219.1
Project("{8BC9CEB8-8B4A-11D0-8D11-00A0C91BC942}") = "Project lab", "Project lab\Project lab.vcxproj", "{67F28D20-9BCA-4CEF-B9D0-1E7500AF6D49}"
EndProject
Global
	GlobalSection(SolutionConfigurationPlatforms) = preSolution
		Debug|x64 = Debug|x64
		Debug|x86 = Debug|x86
		Release|x64 = Release|x64
		Release|x86 = Release|x86
	EndGlobalSection
	GlobalSection(ProjectConfigurationPlatforms) = postSolution
		{67F28D20-9BCA-4CEF-B9D0-1E7500AF6D49}.Debug|x64.ActiveCfg = Debug|x64
		{67F28D20-9BCA-4CEF-B9D0-1E7500AF6D49}.Debug|x64.Build.0 = Debug|x64
		{67F28D20-9BCA-4CEF-B9D0-1E7500AF6D49}.Debug|x86.ActiveCfg = Debug|Win32
		{67F28D20-9BCA-4CEF-B9D0-1E7500AF6D49}.Debug|x86.Build.0 = Debug|Win32
		{67F28D20-9BCA-4CEF-B9D0-1E7500AF6D49}.Release|x64.ActiveCfg = Release|x64
		{67F28D20-9BCA-4CEF-B9D0-1E7500AF6D49}.Release|x64.Build.0 = Release|x64
		{67F28D20-9BCA-4CEF-B9D0-1E7500AF6D49}.Release|x86.ActiveCfg = Release|Win32
		{67F28D20-9BCA-4CEF-B9D0-1E7500AF6D49}.Release|x86.Build.0 = Release|Win32
	EndGlobalSection
	GlobalSection(SolutionProperties) = preSolution
		HideSolutionNode = FALSE
	EndGlobalSection
	GlobalSection(ExtensibilityGlobals) = postSolution
		SolutionGuid = {4660950D-D585-4C03-930C-27F3E4ACE1C0}
	EndGlobalSection
EndGlobal
