
Microsoft Visual Studio Solution File, Format Version 12.00
# Visual Studio Version 16
VisualStudioVersion = 16.0.29411.108
MinimumVisualStudioVersion = 10.0.40219.1
Project("{8BC9CEB8-8B4A-11D0-8D11-00A0C91BC942}") = "ew", "ew\ew.vcxproj", "{A97D9D32-888F-4B3A-8B8C-9E3BFD0538AC}"
EndProject
Global
	GlobalSection(SolutionConfigurationPlatforms) = preSolution
		Debug|x64 = Debug|x64
		Debug|x86 = Debug|x86
		Release|x64 = Release|x64
		Release|x86 = Release|x86
	EndGlobalSection
	GlobalSection(ProjectConfigurationPlatforms) = postSolution
		{A97D9D32-888F-4B3A-8B8C-9E3BFD0538AC}.Debug|x64.ActiveCfg = Debug|x64
		{A97D9D32-888F-4B3A-8B8C-9E3BFD0538AC}.Debug|x64.Build.0 = Debug|x64
		{A97D9D32-888F-4B3A-8B8C-9E3BFD0538AC}.Debug|x86.ActiveCfg = Debug|Win32
		{A97D9D32-888F-4B3A-8B8C-9E3BFD0538AC}.Debug|x86.Build.0 = Debug|Win32
		{A97D9D32-888F-4B3A-8B8C-9E3BFD0538AC}.Release|x64.ActiveCfg = Release|x64
		{A97D9D32-888F-4B3A-8B8C-9E3BFD0538AC}.Release|x64.Build.0 = Release|x64
		{A97D9D32-888F-4B3A-8B8C-9E3BFD0538AC}.Release|x86.ActiveCfg = Release|Win32
		{A97D9D32-888F-4B3A-8B8C-9E3BFD0538AC}.Release|x86.Build.0 = Release|Win32
	EndGlobalSection
	GlobalSection(SolutionProperties) = preSolution
		HideSolutionNode = FALSE
	EndGlobalSection
	GlobalSection(ExtensibilityGlobals) = postSolution
		SolutionGuid = {F23B9BF8-B4CD-44C1-B586-ECB40C5EC7B9}
	EndGlobalSection
EndGlobal
