
Microsoft Visual Studio Solution File, Format Version 12.00
# Visual Studio Version 16
VisualStudioVersion = 16.0.29509.3
MinimumVisualStudioVersion = 10.0.40219.1
Project("{8BC9CEB8-8B4A-11D0-8D11-00A0C91BC942}") = "Project40", "Project40\Project40.vcxproj", "{DCF283D0-3862-42BA-B9E6-E6DE61DB38BD}"
EndProject
Global
	GlobalSection(SolutionConfigurationPlatforms) = preSolution
		Debug|x64 = Debug|x64
		Debug|x86 = Debug|x86
		Release|x64 = Release|x64
		Release|x86 = Release|x86
	EndGlobalSection
	GlobalSection(ProjectConfigurationPlatforms) = postSolution
		{DCF283D0-3862-42BA-B9E6-E6DE61DB38BD}.Debug|x64.ActiveCfg = Debug|x64
		{DCF283D0-3862-42BA-B9E6-E6DE61DB38BD}.Debug|x64.Build.0 = Debug|x64
		{DCF283D0-3862-42BA-B9E6-E6DE61DB38BD}.Debug|x86.ActiveCfg = Debug|Win32
		{DCF283D0-3862-42BA-B9E6-E6DE61DB38BD}.Debug|x86.Build.0 = Debug|Win32
		{DCF283D0-3862-42BA-B9E6-E6DE61DB38BD}.Release|x64.ActiveCfg = Release|x64
		{DCF283D0-3862-42BA-B9E6-E6DE61DB38BD}.Release|x64.Build.0 = Release|x64
		{DCF283D0-3862-42BA-B9E6-E6DE61DB38BD}.Release|x86.ActiveCfg = Release|Win32
		{DCF283D0-3862-42BA-B9E6-E6DE61DB38BD}.Release|x86.Build.0 = Release|Win32
	EndGlobalSection
	GlobalSection(SolutionProperties) = preSolution
		HideSolutionNode = FALSE
	EndGlobalSection
	GlobalSection(ExtensibilityGlobals) = postSolution
		SolutionGuid = {60BDAAD8-F6DD-43FF-A480-A170E28B8923}
	EndGlobalSection
EndGlobal
